
Microsoft Visual Studio Solution File, Format Version 12.00
# Visual Studio 15
Project("{FAE04EC0-301F-11D3-BF4B-00C04F79EFBC}") = "ElectricBoxMaintenance", "ElectricBoxMaintenance.csproj", "{A45F5044-7AC8-4532-FFC1-450C1D0F912C}"
EndProject
Project("{FAE04EC0-301F-11D3-BF4B-00C04F79EFBC}") = "ElectricBoxMaintenance.Editor", "ElectricBoxMaintenance.Editor.csproj", "{23488A1E-C1CD-0FD1-6318-8FBC78F99FAF}"
EndProject
Global
	GlobalSection(SolutionConfigurationPlatforms) = preSolution
		Debug|Any CPU = Debug|Any CPU
		Release|Any CPU = Release|Any CPU
	EndGlobalSection
	GlobalSection(ProjectConfigurationPlatforms) = postSolution
		{A45F5044-7AC8-4532-FFC1-450C1D0F912C}.Debug|Any CPU.ActiveCfg = Debug|Any CPU
		{A45F5044-7AC8-4532-FFC1-450C1D0F912C}.Debug|Any CPU.Build.0 = Debug|Any CPU
		{A45F5044-7AC8-4532-FFC1-450C1D0F912C}.Release|Any CPU.ActiveCfg = Release|Any CPU
		{A45F5044-7AC8-4532-FFC1-450C1D0F912C}.Release|Any CPU.Build.0 = Release|Any CPU
		{23488A1E-C1CD-0FD1-6318-8FBC78F99FAF}.Debug|Any CPU.ActiveCfg = Debug|Any CPU
		{23488A1E-C1CD-0FD1-6318-8FBC78F99FAF}.Debug|Any CPU.Build.0 = Debug|Any CPU
		{23488A1E-C1CD-0FD1-6318-8FBC78F99FAF}.Release|Any CPU.ActiveCfg = Release|Any CPU
		{23488A1E-C1CD-0FD1-6318-8FBC78F99FAF}.Release|Any CPU.Build.0 = Release|Any CPU
	EndGlobalSection
	GlobalSection(SolutionProperties) = preSolution
		HideSolutionNode = FALSE
	EndGlobalSection
EndGlobal
